# THIS IS AN AUTOGENERATED FILE. DO NOT EDIT THIS FILE DIRECTLY.
# yarn lockfile v1


"@ronomon/opened@^1.5.1":
  version "1.5.2"
  resolved "https://registry.yarnpkg.com/@ronomon/opened/-/opened-1.5.2.tgz#c4a1c7d82d898879c3d5d726669d7fc416f72c47"
  integrity sha512-NngYXbq5UFU98AqDHdSAT5kiyy6vGlNjgiZRVylmCt62uUfBBAqOVcS8FG0IJ9wHMVL/LCaS0lIxbxvxmNns4A==
  dependencies:
    "@ronomon/queue" "^3.0.0"
    nan "^2.11.0"

"@ronomon/queue@^3.0.0":
  version "3.0.1"
  resolved "https://registry.npm.taobao.org/@ronomon/queue/download/@ronomon/queue-3.0.1.tgz#42613e8488289ad452f4cf2244064958fc08d370"
  integrity sha1-QmE+hIgomtRS9M8iRAZJWPwI03A=

nan@^2.11.0:
  version "2.14.0"
  resolved "https://registry.npm.taobao.org/nan/download/nan-2.14.0.tgz#7818f722027b2459a86f0295d434d1fc2336c52c"
  integrity sha1-eBj3IgJ7JFmobwKV1DTR/CM2xSw=
